
Microsoft Visual Studio Solution File, Format Version 12.00
# Visual Studio Version 16
VisualStudioVersion = 16.0.29920.165
MinimumVisualStudioVersion = 10.0.40219.1
Project("{9A19103F-16F7-4668-BE54-9A1E7A4F7556}") = "Mollie.Api", "Mollie.Api\Mollie.Api.csproj", "{DBA9DC3A-D562-4D15-A7FB-B0A1DC3E517B}"
EndProject
Project("{9A19103F-16F7-4668-BE54-9A1E7A4F7556}") = "Mollie.WebApplicationCoreExample", "Mollie.WebApplicationCoreExample\Mollie.WebApplicationCoreExample.csproj", "{64FFA13B-522C-4FD7-9825-43EC3B7DADB1}"
EndProject
Project("{FAE04EC0-301F-11D3-BF4B-00C04F79EFBC}") = "Mollie.Tests.Integration", "Mollie.Tests.Integration\Mollie.Tests.Integration.csproj", "{27DA8118-1976-4B2D-B578-BC3EB91FC39F}"
EndProject
Global
	GlobalSection(SolutionConfigurationPlatforms) = preSolution
		Debug|Any CPU = Debug|Any CPU
		Release|Any CPU = Release|Any CPU
	EndGlobalSection
	GlobalSection(ProjectConfigurationPlatforms) = postSolution
		{DBA9DC3A-D562-4D15-A7FB-B0A1DC3E517B}.Debug|Any CPU.ActiveCfg = Debug|Any CPU
		{DBA9DC3A-D562-4D15-A7FB-B0A1DC3E517B}.Debug|Any CPU.Build.0 = Debug|Any CPU
		{DBA9DC3A-D562-4D15-A7FB-B0A1DC3E517B}.Release|Any CPU.ActiveCfg = Release|Any CPU
		{DBA9DC3A-D562-4D15-A7FB-B0A1DC3E517B}.Release|Any CPU.Build.0 = Release|Any CPU
		{64FFA13B-522C-4FD7-9825-43EC3B7DADB1}.Debug|Any CPU.ActiveCfg = Debug|Any CPU
		{64FFA13B-522C-4FD7-9825-43EC3B7DADB1}.Debug|Any CPU.Build.0 = Debug|Any CPU
		{64FFA13B-522C-4FD7-9825-43EC3B7DADB1}.Release|Any CPU.ActiveCfg = Release|Any CPU
		{64FFA13B-522C-4FD7-9825-43EC3B7DADB1}.Release|Any CPU.Build.0 = Release|Any CPU
		{27DA8118-1976-4B2D-B578-BC3EB91FC39F}.Debug|Any CPU.ActiveCfg = Debug|Any CPU
		{27DA8118-1976-4B2D-B578-BC3EB91FC39F}.Debug|Any CPU.Build.0 = Debug|Any CPU
		{27DA8118-1976-4B2D-B578-BC3EB91FC39F}.Release|Any CPU.ActiveCfg = Release|Any CPU
		{27DA8118-1976-4B2D-B578-BC3EB91FC39F}.Release|Any CPU.Build.0 = Release|Any CPU
	EndGlobalSection
	GlobalSection(SolutionProperties) = preSolution
		HideSolutionNode = FALSE
	EndGlobalSection
	GlobalSection(ExtensibilityGlobals) = postSolution
		SolutionGuid = {EA1EE69B-285E-4518-8936-DB1278A71882}
	EndGlobalSection
EndGlobal
